// !$*UTF8*$!
{
	archiveVersion = 1;
	classes = {
	};
	objectVersion = 51;
	objects = {

/* Begin PBXBuildFile section */
		406B0D5B27BDA64000C72D8C /* AppDelegate.swift in Sources */ = {isa = PBXBuildFile; fileRef = 406B0D5A27BDA64000C72D8C /* AppDelegate.swift */; };
		406B0D5D27BDA64000C72D8C /* SceneDelegate.swift in Sources */ = {isa = PBXBuildFile; fileRef = 406B0D5C27BDA64000C72D8C /* SceneDelegate.swift */; };
		406B0D5F27BDA64000C72D8C /* TodayVC.swift in Sources */ = {isa = PBXBuildFile; fileRef = 406B0D5E27BDA64000C72D8C /* TodayVC.swift */; };
		406B0D6227BDA64000C72D8C /* Main.storyboard in Resources */ = {isa = PBXBuildFile; fileRef = 406B0D6027BDA64000C72D8C /* Main.storyboard */; };
		406B0D6527BDA64000C72D8C /* WeatherApp.xcdatamodeld in Sources */ = {isa = PBXBuildFile; fileRef = 406B0D6327BDA64000C72D8C /* WeatherApp.xcdatamodeld */; };
		406B0D6727BDA64100C72D8C /* Assets.xcassets in Resources */ = {isa = PBXBuildFile; fileRef = 406B0D6627BDA64100C72D8C /* Assets.xcassets */; };
		406B0D6A27BDA64100C72D8C /* LaunchScreen.storyboard in Resources */ = {isa = PBXBuildFile; fileRef = 406B0D6827BDA64100C72D8C /* LaunchScreen.storyboard */; };
		4072542927C11047003A1EA1 /* ForecastVC.swift in Sources */ = {isa = PBXBuildFile; fileRef = 4072542827C11047003A1EA1 /* ForecastVC.swift */; };
		4072542F27C11591003A1EA1 /* ForecastCell.swift in Sources */ = {isa = PBXBuildFile; fileRef = 4072542D27C11591003A1EA1 /* ForecastCell.swift */; };
		4072543027C11591003A1EA1 /* ForecastCell.xib in Resources */ = {isa = PBXBuildFile; fileRef = 4072542E27C11591003A1EA1 /* ForecastCell.xib */; };
		4072543327C1274C003A1EA1 /* Extensions.swift in Sources */ = {isa = PBXBuildFile; fileRef = 4072543227C1274C003A1EA1 /* Extensions.swift */; };
		4072543627C13963003A1EA1 /* ForecastHeader.swift in Sources */ = {isa = PBXBuildFile; fileRef = 4072543527C13963003A1EA1 /* ForecastHeader.swift */; };
		4072543827C139A2003A1EA1 /* ForecastHeader.xib in Resources */ = {isa = PBXBuildFile; fileRef = 4072543727C139A2003A1EA1 /* ForecastHeader.xib */; };
		40E2F69B27BDBF1800D8FA9F /* WeatherService.swift in Sources */ = {isa = PBXBuildFile; fileRef = 40E2F69A27BDBF1800D8FA9F /* WeatherService.swift */; };
		40E2F6A327BDBF3100D8FA9F /* CurrentWeatherResponse.swift in Sources */ = {isa = PBXBuildFile; fileRef = 40E2F6A127BDBF3100D8FA9F /* CurrentWeatherResponse.swift */; };
		40E2F6A427BDBF3100D8FA9F /* FiveDayForecastResponse.swift in Sources */ = {isa = PBXBuildFile; fileRef = 40E2F6A227BDBF3100D8FA9F /* FiveDayForecastResponse.swift */; };
		40E2F6A627BEAA0C00D8FA9F /* LocationService.swift in Sources */ = {isa = PBXBuildFile; fileRef = 40E2F6A527BEAA0C00D8FA9F /* LocationService.swift */; };
		40E2F6AF27BF577B00D8FA9F /* WeatherDetailsView.xib in Resources */ = {isa = PBXBuildFile; fileRef = 40E2F6AE27BF577B00D8FA9F /* WeatherDetailsView.xib */; };
		40E2F6B127BF583400D8FA9F /* WeatherDetailsView.swift in Sources */ = {isa = PBXBuildFile; fileRef = 40E2F6B027BF583400D8FA9F /* WeatherDetailsView.swift */; };
		FB9D8CCFAC47EDD31DB8E8AE /* Pods_WeatherApp.framework in Frameworks */ = {isa = PBXBuildFile; fileRef = EB3F30D72D8E808F20B3C785 /* Pods_WeatherApp.framework */; };
/* End PBXBuildFile section */

/* Begin PBXFileReference section */
		406B0D5727BDA64000C72D8C /* WeatherApp.app */ = {isa = PBXFileReference; explicitFileType = wrapper.application; includeInIndex = 0; path = WeatherApp.app; sourceTree = BUILT_PRODUCTS_DIR; };
		406B0D5A27BDA64000C72D8C /* AppDelegate.swift */ = {isa = PBXFileReference; lastKnownFileType = sourcecode.swift; path = AppDelegate.swift; sourceTree = "<group>"; };
		406B0D5C27BDA64000C72D8C /* SceneDelegate.swift */ = {isa = PBXFileReference; lastKnownFileType = sourcecode.swift; path = SceneDelegate.swift; sourceTree = "<group>"; };
		406B0D5E27BDA64000C72D8C /* TodayVC.swift */ = {isa = PBXFileReference; lastKnownFileType = sourcecode.swift; path = TodayVC.swift; sourceTree = "<group>"; };
		406B0D6127BDA64000C72D8C /* Base */ = {isa = PBXFileReference; lastKnownFileType = file.storyboard; name = Base; path = Base.lproj/Main.storyboard; sourceTree = "<group>"; };
		406B0D6427BDA64000C72D8C /* WeatherApp.xcdatamodel */ = {isa = PBXFileReference; lastKnownFileType = wrapper.xcdatamodel; path = WeatherApp.xcdatamodel; sourceTree = "<group>"; };
		406B0D6627BDA64100C72D8C /* Assets.xcassets */ = {isa = PBXFileReference; lastKnownFileType = folder.assetcatalog; path = Assets.xcassets; sourceTree = "<group>"; };
		406B0D6927BDA64100C72D8C /* Base */ = {isa = PBXFileReference; lastKnownFileType = file.storyboard; name = Base; path = Base.lproj/LaunchScreen.storyboard; sourceTree = "<group>"; };
		406B0D6B27BDA64100C72D8C /* Info.plist */ = {isa = PBXFileReference; lastKnownFileType = text.plist.xml; path = Info.plist; sourceTree = "<group>"; };
		4072542827C11047003A1EA1 /* ForecastVC.swift */ = {isa = PBXFileReference; lastKnownFileType = sourcecode.swift; path = ForecastVC.swift; sourceTree = "<group>"; };
		4072542D27C11591003A1EA1 /* ForecastCell.swift */ = {isa = PBXFileReference; lastKnownFileType = sourcecode.swift; path = ForecastCell.swift; sourceTree = "<group>"; };
		4072542E27C11591003A1EA1 /* ForecastCell.xib */ = {isa = PBXFileReference; lastKnownFileType = file.xib; path = ForecastCell.xib; sourceTree = "<group>"; };
		4072543227C1274C003A1EA1 /* Extensions.swift */ = {isa = PBXFileReference; lastKnownFileType = sourcecode.swift; path = Extensions.swift; sourceTree = "<group>"; };
		4072543527C13963003A1EA1 /* ForecastHeader.swift */ = {isa = PBXFileReference; lastKnownFileType = sourcecode.swift; path = ForecastHeader.swift; sourceTree = "<group>"; };
		4072543727C139A2003A1EA1 /* ForecastHeader.xib */ = {isa = PBXFileReference; lastKnownFileType = file.xib; path = ForecastHeader.xib; sourceTree = "<group>"; };
		40E2F69A27BDBF1800D8FA9F /* WeatherService.swift */ = {isa = PBXFileReference; fileEncoding = 4; lastKnownFileType = sourcecode.swift; path = WeatherService.swift; sourceTree = "<group>"; };
		40E2F6A127BDBF3100D8FA9F /* CurrentWeatherResponse.swift */ = {isa = PBXFileReference; fileEncoding = 4; lastKnownFileType = sourcecode.swift; path = CurrentWeatherResponse.swift; sourceTree = "<group>"; };
		40E2F6A227BDBF3100D8FA9F /* FiveDayForecastResponse.swift */ = {isa = PBXFileReference; fileEncoding = 4; lastKnownFileType = sourcecode.swift; path = FiveDayForecastResponse.swift; sourceTree = "<group>"; };
		40E2F6A527BEAA0C00D8FA9F /* LocationService.swift */ = {isa = PBXFileReference; lastKnownFileType = sourcecode.swift; path = LocationService.swift; sourceTree = "<group>"; };
		40E2F6AE27BF577B00D8FA9F /* WeatherDetailsView.xib */ = {isa = PBXFileReference; lastKnownFileType = file.xib; path = WeatherDetailsView.xib; sourceTree = "<group>"; };
		40E2F6B027BF583400D8FA9F /* WeatherDetailsView.swift */ = {isa = PBXFileReference; lastKnownFileType = sourcecode.swift; path = WeatherDetailsView.swift; sourceTree = "<group>"; };
		A02D9C0310567AE00BD96BA2 /* Pods-WeatherApp.debug.xcconfig */ = {isa = PBXFileReference; includeInIndex = 1; lastKnownFileType = text.xcconfig; name = "Pods-WeatherApp.debug.xcconfig"; path = "Target Support Files/Pods-WeatherApp/Pods-WeatherApp.debug.xcconfig"; sourceTree = "<group>"; };
		EB3F30D72D8E808F20B3C785 /* Pods_WeatherApp.framework */ = {isa = PBXFileReference; explicitFileType = wrapper.framework; includeInIndex = 0; path = Pods_WeatherApp.framework; sourceTree = BUILT_PRODUCTS_DIR; };
		F57E950BBD346B5A5A59C1D1 /* Pods-WeatherApp.release.xcconfig */ = {isa = PBXFileReference; includeInIndex = 1; lastKnownFileType = text.xcconfig; name = "Pods-WeatherApp.release.xcconfig"; path = "Target Support Files/Pods-WeatherApp/Pods-WeatherApp.release.xcconfig"; sourceTree = "<group>"; };
/* End PBXFileReference section */

/* Begin PBXFrameworksBuildPhase section */
		406B0D5427BDA64000C72D8C /* Frameworks */ = {
			isa = PBXFrameworksBuildPhase;
			buildActionMask = 2147483647;
			files = (
				FB9D8CCFAC47EDD31DB8E8AE /* Pods_WeatherApp.framework in Frameworks */,
			);
			runOnlyForDeploymentPostprocessing = 0;
		};
/* End PBXFrameworksBuildPhase section */

/* Begin PBXGroup section */
		071F1B562ABE1A0E5029EEF4 /* Pods */ = {
			isa = PBXGroup;
			children = (
				A02D9C0310567AE00BD96BA2 /* Pods-WeatherApp.debug.xcconfig */,
				F57E950BBD346B5A5A59C1D1 /* Pods-WeatherApp.release.xcconfig */,
			);
			path = Pods;
			sourceTree = "<group>";
		};
		0E9716AAB2B5224A461D6E96 /* Frameworks */ = {
			isa = PBXGroup;
			children = (
				EB3F30D72D8E808F20B3C785 /* Pods_WeatherApp.framework */,
			);
			name = Frameworks;
			sourceTree = "<group>";
		};
		406B0D4E27BDA64000C72D8C = {
			isa = PBXGroup;
			children = (
				406B0D5927BDA64000C72D8C /* WeatherApp */,
				406B0D5827BDA64000C72D8C /* Products */,
				071F1B562ABE1A0E5029EEF4 /* Pods */,
				0E9716AAB2B5224A461D6E96 /* Frameworks */,
			);
			sourceTree = "<group>";
		};
		406B0D5827BDA64000C72D8C /* Products */ = {
			isa = PBXGroup;
			children = (
				406B0D5727BDA64000C72D8C /* WeatherApp.app */,
			);
			name = Products;
			sourceTree = "<group>";
		};
		406B0D5927BDA64000C72D8C /* WeatherApp */ = {
			isa = PBXGroup;
			children = (
				4072543127C1273C003A1EA1 /* Utils */,
				4072542B27C11547003A1EA1 /* CollectionComponents */,
				40E2F6A727BF462500D8FA9F /* ReusableComponents */,
				406B0D7327BDA67C00C72D8C /* Services */,
				406B0D7227BDA67300C72D8C /* Entities */,
				406B0D7127BDA65700C72D8C /* Controllers */,
				406B0D5A27BDA64000C72D8C /* AppDelegate.swift */,
				406B0D5C27BDA64000C72D8C /* SceneDelegate.swift */,
				406B0D6027BDA64000C72D8C /* Main.storyboard */,
				406B0D6627BDA64100C72D8C /* Assets.xcassets */,
				406B0D6827BDA64100C72D8C /* LaunchScreen.storyboard */,
				406B0D6B27BDA64100C72D8C /* Info.plist */,
				406B0D6327BDA64000C72D8C /* WeatherApp.xcdatamodeld */,
			);
			path = WeatherApp;
			sourceTree = "<group>";
		};
		406B0D7127BDA65700C72D8C /* Controllers */ = {
			isa = PBXGroup;
			children = (
				406B0D5E27BDA64000C72D8C /* TodayVC.swift */,
				4072542827C11047003A1EA1 /* ForecastVC.swift */,
			);
			path = Controllers;
			sourceTree = "<group>";
		};
		406B0D7227BDA67300C72D8C /* Entities */ = {
			isa = PBXGroup;
			children = (
				40E2F6A127BDBF3100D8FA9F /* CurrentWeatherResponse.swift */,
				40E2F6A227BDBF3100D8FA9F /* FiveDayForecastResponse.swift */,
			);
			path = Entities;
			sourceTree = "<group>";
		};
		406B0D7327BDA67C00C72D8C /* Services */ = {
			isa = PBXGroup;
			children = (
				40E2F69A27BDBF1800D8FA9F /* WeatherService.swift */,
				40E2F6A527BEAA0C00D8FA9F /* LocationService.swift */,
			);
			path = Services;
			sourceTree = "<group>";
		};
		4072542B27C11547003A1EA1 /* CollectionComponents */ = {
			isa = PBXGroup;
			children = (
				4072543427C1394A003A1EA1 /* Headers */,
				4072542C27C1155E003A1EA1 /* Cells */,
			);
			path = CollectionComponents;
			sourceTree = "<group>";
		};
		4072542C27C1155E003A1EA1 /* Cells */ = {
			isa = PBXGroup;
			children = (
				4072542D27C11591003A1EA1 /* ForecastCell.swift */,
				4072542E27C11591003A1EA1 /* ForecastCell.xib */,
			);
			path = Cells;
			sourceTree = "<group>";
		};
		4072543127C1273C003A1EA1 /* Utils */ = {
			isa = PBXGroup;
			children = (
				4072543227C1274C003A1EA1 /* Extensions.swift */,
			);
			path = Utils;
			sourceTree = "<group>";
		};
		4072543427C1394A003A1EA1 /* Headers */ = {
			isa = PBXGroup;
			children = (
				4072543527C13963003A1EA1 /* ForecastHeader.swift */,
				4072543727C139A2003A1EA1 /* ForecastHeader.xib */,
			);
			path = Headers;
			sourceTree = "<group>";
		};
		40E2F6A727BF462500D8FA9F /* ReusableComponents */ = {
			isa = PBXGroup;
			children = (
				40E2F6AE27BF577B00D8FA9F /* WeatherDetailsView.xib */,
				40E2F6B027BF583400D8FA9F /* WeatherDetailsView.swift */,
			);
			path = ReusableComponents;
			sourceTree = "<group>";
		};
/* End PBXGroup section */

/* Begin PBXNativeTarget section */
		406B0D5627BDA64000C72D8C /* WeatherApp */ = {
			isa = PBXNativeTarget;
			buildConfigurationList = 406B0D6E27BDA64100C72D8C /* Build configuration list for PBXNativeTarget "WeatherApp" */;
			buildPhases = (
				BAF27F447084F6E8743030E9 /* [CP] Check Pods Manifest.lock */,
				406B0D5327BDA64000C72D8C /* Sources */,
				406B0D5427BDA64000C72D8C /* Frameworks */,
				406B0D5527BDA64000C72D8C /* Resources */,
				1856E75A29C8DC1B55240230 /* [CP] Embed Pods Frameworks */,
			);
			buildRules = (
			);
			dependencies = (
			);
			name = WeatherApp;
			productName = WeatherApp;
			productReference = 406B0D5727BDA64000C72D8C /* WeatherApp.app */;
			productType = "com.apple.product-type.application";
		};
/* End PBXNativeTarget section */

/* Begin PBXProject section */
		406B0D4F27BDA64000C72D8C /* Project object */ = {
			isa = PBXProject;
			attributes = {
				LastSwiftUpdateCheck = 1250;
				LastUpgradeCheck = 1250;
				TargetAttributes = {
					406B0D5627BDA64000C72D8C = {
						CreatedOnToolsVersion = 12.5.1;
					};
				};
			};
			buildConfigurationList = 406B0D5227BDA64000C72D8C /* Build configuration list for PBXProject "WeatherApp" */;
			compatibilityVersion = "Xcode 9.3";
			developmentRegion = en;
			hasScannedForEncodings = 0;
			knownRegions = (
				en,
				Base,
			);
			mainGroup = 406B0D4E27BDA64000C72D8C;
			productRefGroup = 406B0D5827BDA64000C72D8C /* Products */;
			projectDirPath = "";
			projectRoot = "";
			targets = (
				406B0D5627BDA64000C72D8C /* WeatherApp */,
			);
		};
/* End PBXProject section */

/* Begin PBXResourcesBuildPhase section */
		406B0D5527BDA64000C72D8C /* Resources */ = {
			isa = PBXResourcesBuildPhase;
			buildActionMask = 2147483647;
			files = (
				40E2F6AF27BF577B00D8FA9F /* WeatherDetailsView.xib in Resources */,
				406B0D6A27BDA64100C72D8C /* LaunchScreen.storyboard in Resources */,
				4072543027C11591003A1EA1 /* ForecastCell.xib in Resources */,
				4072543827C139A2003A1EA1 /* ForecastHeader.xib in Resources */,
				406B0D6727BDA64100C72D8C /* Assets.xcassets in Resources */,
				406B0D6227BDA64000C72D8C /* Main.storyboard in Resources */,
			);
			runOnlyForDeploymentPostprocessing = 0;
		};
/* End PBXResourcesBuildPhase section */

/* Begin PBXShellScriptBuildPhase section */
		1856E75A29C8DC1B55240230 /* [CP] Embed Pods Frameworks */ = {
			isa = PBXShellScriptBuildPhase;
			buildActionMask = 2147483647;
			files = (
			);
			inputFileListPaths = (
				"${PODS_ROOT}/Target Support Files/Pods-WeatherApp/Pods-WeatherApp-frameworks-${CONFIGURATION}-input-files.xcfilelist",
			);
			name = "[CP] Embed Pods Frameworks";
			outputFileListPaths = (
				"${PODS_ROOT}/Target Support Files/Pods-WeatherApp/Pods-WeatherApp-frameworks-${CONFIGURATION}-output-files.xcfilelist",
			);
			runOnlyForDeploymentPostprocessing = 0;
			shellPath = /bin/sh;
			shellScript = "\"${PODS_ROOT}/Target Support Files/Pods-WeatherApp/Pods-WeatherApp-frameworks.sh\"\n";
			showEnvVarsInLog = 0;
		};
		BAF27F447084F6E8743030E9 /* [CP] Check Pods Manifest.lock */ = {
			isa = PBXShellScriptBuildPhase;
			buildActionMask = 2147483647;
			files = (
			);
			inputFileListPaths = (
			);
			inputPaths = (
				"${PODS_PODFILE_DIR_PATH}/Podfile.lock",
				"${PODS_ROOT}/Manifest.lock",
			);
			name = "[CP] Check Pods Manifest.lock";
			outputFileListPaths = (
			);
			outputPaths = (
				"$(DERIVED_FILE_DIR)/Pods-WeatherApp-checkManifestLockResult.txt",
			);
			runOnlyForDeploymentPostprocessing = 0;
			shellPath = /bin/sh;
			shellScript = "diff \"${PODS_PODFILE_DIR_PATH}/Podfile.lock\" \"${PODS_ROOT}/Manifest.lock\" > /dev/null\nif [ $? != 0 ] ; then\n    # print error to STDERR\n    echo \"error: The sandbox is not in sync with the Podfile.lock. Run 'pod install' or update your CocoaPods installation.\" >&2\n    exit 1\nfi\n# This output is used by Xcode 'outputs' to avoid re-running this script phase.\necho \"SUCCESS\" > \"${SCRIPT_OUTPUT_FILE_0}\"\n";
			showEnvVarsInLog = 0;
		};
/* End PBXShellScriptBuildPhase section */

/* Begin PBXSourcesBuildPhase section */
		406B0D5327BDA64000C72D8C /* Sources */ = {
			isa = PBXSourcesBuildPhase;
			buildActionMask = 2147483647;
			files = (
				40E2F69B27BDBF1800D8FA9F /* WeatherService.swift in Sources */,
				406B0D6527BDA64000C72D8C /* WeatherApp.xcdatamodeld in Sources */,
				4072542F27C11591003A1EA1 /* ForecastCell.swift in Sources */,
				40E2F6A627BEAA0C00D8FA9F /* LocationService.swift in Sources */,
				406B0D5F27BDA64000C72D8C /* TodayVC.swift in Sources */,
				40E2F6B127BF583400D8FA9F /* WeatherDetailsView.swift in Sources */,
				40E2F6A327BDBF3100D8FA9F /* CurrentWeatherResponse.swift in Sources */,
				4072543327C1274C003A1EA1 /* Extensions.swift in Sources */,
				406B0D5B27BDA64000C72D8C /* AppDelegate.swift in Sources */,
				4072542927C11047003A1EA1 /* ForecastVC.swift in Sources */,
				40E2F6A427BDBF3100D8FA9F /* FiveDayForecastResponse.swift in Sources */,
				406B0D5D27BDA64000C72D8C /* SceneDelegate.swift in Sources */,
				4072543627C13963003A1EA1 /* ForecastHeader.swift in Sources */,
			);
			runOnlyForDeploymentPostprocessing = 0;
		};
/* End PBXSourcesBuildPhase section */

/* Begin PBXVariantGroup section */
		406B0D6027BDA64000C72D8C /* Main.storyboard */ = {
			isa = PBXVariantGroup;
			children = (
				406B0D6127BDA64000C72D8C /* Base */,
			);
			name = Main.storyboard;
			sourceTree = "<group>";
		};
		406B0D6827BDA64100C72D8C /* LaunchScreen.storyboard */ = {
			isa = PBXVariantGroup;
			children = (
				406B0D6927BDA64100C72D8C /* Base */,
			);
			name = LaunchScreen.storyboard;
			sourceTree = "<group>";
		};
/* End PBXVariantGroup section */

/* Begin XCBuildConfiguration section */
		406B0D6C27BDA64100C72D8C /* Debug */ = {
			isa = XCBuildConfiguration;
			buildSettings = {
				ALWAYS_SEARCH_USER_PATHS = NO;
				CLANG_ANALYZER_NONNULL = YES;
				CLANG_ANALYZER_NUMBER_OBJECT_CONVERSION = YES_AGGRESSIVE;
				CLANG_CXX_LANGUAGE_STANDARD = "gnu++14";
				CLANG_CXX_LIBRARY = "libc++";
				CLANG_ENABLE_MODULES = YES;
				CLANG_ENABLE_OBJC_ARC = YES;
				CLANG_ENABLE_OBJC_WEAK = YES;
				CLANG_WARN_BLOCK_CAPTURE_AUTORELEASING = YES;
				CLANG_WARN_BOOL_CONVERSION = YES;
				CLANG_WARN_COMMA = YES;
				CLANG_WARN_CONSTANT_CONVERSION = YES;
				CLANG_WARN_DEPRECATED_OBJC_IMPLEMENTATIONS = YES;
				CLANG_WARN_DIRECT_OBJC_ISA_USAGE = YES_ERROR;
				CLANG_WARN_DOCUMENTATION_COMMENTS = YES;
				CLANG_WARN_EMPTY_BODY = YES;
				CLANG_WARN_ENUM_CONVERSION = YES;
				CLANG_WARN_INFINITE_RECURSION = YES;
				CLANG_WARN_INT_CONVERSION = YES;
				CLANG_WARN_NON_LITERAL_NULL_CONVERSION = YES;
				CLANG_WARN_OBJC_IMPLICIT_RETAIN_SELF = YES;
				CLANG_WARN_OBJC_LITERAL_CONVERSION = YES;
				CLANG_WARN_OBJC_ROOT_CLASS = YES_ERROR;
				CLANG_WARN_QUOTED_INCLUDE_IN_FRAMEWORK_HEADER = YES;
				CLANG_WARN_RANGE_LOOP_ANALYSIS = YES;
				CLANG_WARN_STRICT_PROTOTYPES = YES;
				CLANG_WARN_SUSPICIOUS_MOVE = YES;
				CLANG_WARN_UNGUARDED_AVAILABILITY = YES_AGGRESSIVE;
				CLANG_WARN_UNREACHABLE_CODE = YES;
				CLANG_WARN__DUPLICATE_METHOD_MATCH = YES;
				COPY_PHASE_STRIP = NO;
				DEBUG_INFORMATION_FORMAT = dwarf;
				ENABLE_STRICT_OBJC_MSGSEND = YES;
				ENABLE_TESTABILITY = YES;
				GCC_C_LANGUAGE_STANDARD = gnu11;
				GCC_DYNAMIC_NO_PIC = NO;
				GCC_NO_COMMON_BLOCKS = YES;
				GCC_OPTIMIZATION_LEVEL = 0;
				GCC_PREPROCESSOR_DEFINITIONS = (
					"DEBUG=1",
					"$(inherited)",
				);
				GCC_WARN_64_TO_32_BIT_CONVERSION = YES;
				GCC_WARN_ABOUT_RETURN_TYPE = YES_ERROR;
				GCC_WARN_UNDECLARED_SELECTOR = YES;
				GCC_WARN_UNINITIALIZED_AUTOS = YES_AGGRESSIVE;
				GCC_WARN_UNUSED_FUNCTION = YES;
				GCC_WARN_UNUSED_VARIABLE = YES;
				IPHONEOS_DEPLOYMENT_TARGET = 14.5;
				MTL_ENABLE_DEBUG_INFO = INCLUDE_SOURCE;
				MTL_FAST_MATH = YES;
				ONLY_ACTIVE_ARCH = YES;
				SDKROOT = iphoneos;
				SWIFT_ACTIVE_COMPILATION_CONDITIONS = DEBUG;
				SWIFT_OPTIMIZATION_LEVEL = "-Onone";
			};
			name = Debug;
		};
		406B0D6D27BDA64100C72D8C /* Release */ = {
			isa = XCBuildConfiguration;
			buildSettings = {
				ALWAYS_SEARCH_USER_PATHS = NO;
				CLANG_ANALYZER_NONNULL = YES;
				CLANG_ANALYZER_NUMBER_OBJECT_CONVERSION = YES_AGGRESSIVE;
				CLANG_CXX_LANGUAGE_STANDARD = "gnu++14";
				CLANG_CXX_LIBRARY = "libc++";
				CLANG_ENABLE_MODULES = YES;
				CLANG_ENABLE_OBJC_ARC = YES;
				CLANG_ENABLE_OBJC_WEAK = YES;
				CLANG_WARN_BLOCK_CAPTURE_AUTORELEASING = YES;
				CLANG_WARN_BOOL_CONVERSION = YES;
				CLANG_WARN_COMMA = YES;
				CLANG_WARN_CONSTANT_CONVERSION = YES;
				CLANG_WARN_DEPRECATED_OBJC_IMPLEMENTATIONS = YES;
				CLANG_WARN_DIRECT_OBJC_ISA_USAGE = YES_ERROR;
				CLANG_WARN_DOCUMENTATION_COMMENTS = YES;
				CLANG_WARN_EMPTY_BODY = YES;
				CLANG_WARN_ENUM_CONVERSION = YES;
				CLANG_WARN_INFINITE_RECURSION = YES;
				CLANG_WARN_INT_CONVERSION = YES;
				CLANG_WARN_NON_LITERAL_NULL_CONVERSION = YES;
				CLANG_WARN_OBJC_IMPLICIT_RETAIN_SELF = YES;
				CLANG_WARN_OBJC_LITERAL_CONVERSION = YES;
				CLANG_WARN_OBJC_ROOT_CLASS = YES_ERROR;
				CLANG_WARN_QUOTED_INCLUDE_IN_FRAMEWORK_HEADER = YES;
				CLANG_WARN_RANGE_LOOP_ANALYSIS = YES;
				CLANG_WARN_STRICT_PROTOTYPES = YES;
				CLANG_WARN_SUSPICIOUS_MOVE = YES;
				CLANG_WARN_UNGUARDED_AVAILABILITY = YES_AGGRESSIVE;
				CLANG_WARN_UNREACHABLE_CODE = YES;
				CLANG_WARN__DUPLICATE_METHOD_MATCH = YES;
				COPY_PHASE_STRIP = NO;
				DEBUG_INFORMATION_FORMAT = "dwarf-with-dsym";
				ENABLE_NS_ASSERTIONS = NO;
				ENABLE_STRICT_OBJC_MSGSEND = YES;
				GCC_C_LANGUAGE_STANDARD = gnu11;
				GCC_NO_COMMON_BLOCKS = YES;
				GCC_WARN_64_TO_32_BIT_CONVERSION = YES;
				GCC_WARN_ABOUT_RETURN_TYPE = YES_ERROR;
				GCC_WARN_UNDECLARED_SELECTOR = YES;
				GCC_WARN_UNINITIALIZED_AUTOS = YES_AGGRESSIVE;
				GCC_WARN_UNUSED_FUNCTION = YES;
				GCC_WARN_UNUSED_VARIABLE = YES;
				IPHONEOS_DEPLOYMENT_TARGET = 14.5;
				MTL_ENABLE_DEBUG_INFO = NO;
				MTL_FAST_MATH = YES;
				SDKROOT = iphoneos;
				SWIFT_COMPILATION_MODE = wholemodule;
				SWIFT_OPTIMIZATION_LEVEL = "-O";
				VALIDATE_PRODUCT = YES;
			};
			name = Release;
		};
		406B0D6F27BDA64100C72D8C /* Debug */ = {
			isa = XCBuildConfiguration;
			baseConfigurationReference = A02D9C0310567AE00BD96BA2 /* Pods-WeatherApp.debug.xcconfig */;
			buildSettings = {
				ASSETCATALOG_COMPILER_APPICON_NAME = AppIcon;
				ASSETCATALOG_COMPILER_GLOBAL_ACCENT_COLOR_NAME = AccentColor;
				CODE_SIGN_STYLE = Automatic;
				INFOPLIST_FILE = WeatherApp/Info.plist;
				LD_RUNPATH_SEARCH_PATHS = (
					"$(inherited)",
					"@executable_path/Frameworks",
				);
				PRODUCT_BUNDLE_IDENTIFIER = "KT-Solutions.WeatherApp";
				PRODUCT_NAME = "$(TARGET_NAME)";
				SWIFT_VERSION = 5.0;
				TARGETED_DEVICE_FAMILY = "1,2";
			};
			name = Debug;
		};
		406B0D7027BDA64100C72D8C /* Release */ = {
			isa = XCBuildConfiguration;
			baseConfigurationReference = F57E950BBD346B5A5A59C1D1 /* Pods-WeatherApp.release.xcconfig */;
			buildSettings = {
				ASSETCATALOG_COMPILER_APPICON_NAME = AppIcon;
				ASSETCATALOG_COMPILER_GLOBAL_ACCENT_COLOR_NAME = AccentColor;
				CODE_SIGN_STYLE = Automatic;
				INFOPLIST_FILE = WeatherApp/Info.plist;
				LD_RUNPATH_SEARCH_PATHS = (
					"$(inherited)",
					"@executable_path/Frameworks",
				);
				PRODUCT_BUNDLE_IDENTIFIER = "KT-Solutions.WeatherApp";
				PRODUCT_NAME = "$(TARGET_NAME)";
				SWIFT_VERSION = 5.0;
				TARGETED_DEVICE_FAMILY = "1,2";
			};
			name = Release;
		};
/* End XCBuildConfiguration section */

/* Begin XCConfigurationList section */
		406B0D5227BDA64000C72D8C /* Build configuration list for PBXProject "WeatherApp" */ = {
			isa = XCConfigurationList;
			buildConfigurations = (
				406B0D6C27BDA64100C72D8C /* Debug */,
				406B0D6D27BDA64100C72D8C /* Release */,
			);
			defaultConfigurationIsVisible = 0;
			defaultConfigurationName = Release;
		};
		406B0D6E27BDA64100C72D8C /* Build configuration list for PBXNativeTarget "WeatherApp" */ = {
			isa = XCConfigurationList;
			buildConfigurations = (
				406B0D6F27BDA64100C72D8C /* Debug */,
				406B0D7027BDA64100C72D8C /* Release */,
			);
			defaultConfigurationIsVisible = 0;
			defaultConfigurationName = Release;
		};
/* End XCConfigurationList section */

/* Begin XCVersionGroup section */
		406B0D6327BDA64000C72D8C /* WeatherApp.xcdatamodeld */ = {
			isa = XCVersionGroup;
			children = (
				406B0D6427BDA64000C72D8C /* WeatherApp.xcdatamodel */,
			);
			currentVersion = 406B0D6427BDA64000C72D8C /* WeatherApp.xcdatamodel */;
			path = WeatherApp.xcdatamodeld;
			sourceTree = "<group>";
			versionGroupType = wrapper.xcdatamodel;
		};
/* End XCVersionGroup section */
	};
	rootObject = 406B0D4F27BDA64000C72D8C /* Project object */;
}
